
Microsoft Visual Studio Solution File, Format Version 12.00
# Visual Studio Version 17
VisualStudioVersion = 17.4.33103.184
MinimumVisualStudioVersion = 10.0.40219.1
Project("{8BC9CEB8-8B4A-11D0-8D11-00A0C91BC942}") = "CPU", "CPU\CPU.vcxproj", "{94379754-967B-435E-855B-750157D7D24A}"
EndProject
Global
	GlobalSection(SolutionConfigurationPlatforms) = preSolution
		Debug|x64 = Debug|x64
		Debug|x86 = Debug|x86
		Release|x64 = Release|x64
		Release|x86 = Release|x86
	EndGlobalSection
	GlobalSection(ProjectConfigurationPlatforms) = postSolution
		{94379754-967B-435E-855B-750157D7D24A}.Debug|x64.ActiveCfg = Debug|x64
		{94379754-967B-435E-855B-750157D7D24A}.Debug|x64.Build.0 = Debug|x64
		{94379754-967B-435E-855B-750157D7D24A}.Debug|x86.ActiveCfg = Debug|Win32
		{94379754-967B-435E-855B-750157D7D24A}.Debug|x86.Build.0 = Debug|Win32
		{94379754-967B-435E-855B-750157D7D24A}.Release|x64.ActiveCfg = Release|x64
		{94379754-967B-435E-855B-750157D7D24A}.Release|x64.Build.0 = Release|x64
		{94379754-967B-435E-855B-750157D7D24A}.Release|x86.ActiveCfg = Release|Win32
		{94379754-967B-435E-855B-750157D7D24A}.Release|x86.Build.0 = Release|Win32
	EndGlobalSection
	GlobalSection(SolutionProperties) = preSolution
		HideSolutionNode = FALSE
	EndGlobalSection
	GlobalSection(ExtensibilityGlobals) = postSolution
		SolutionGuid = {CB1C05F1-D038-4B28-AF23-95BBC35494F7}
	EndGlobalSection
EndGlobal
